
Microsoft Visual Studio Solution File, Format Version 12.00
# Visual Studio Version 17
VisualStudioVersion = 17.1.32203.90
MinimumVisualStudioVersion = 10.0.40219.1
Project("{9A19103F-16F7-4668-BE54-9A1E7A4F7556}") = "RemPerBot_BL", "RemPerBot_BL\RemBerBot_BL.csproj", "{EE76ED9B-70D3-43DF-96DF-2B7DC709DAD4}"
EndProject
Project("{FAE04EC0-301F-11D3-BF4B-00C04F79EFBC}") = "RemPerBot_CMD", "RemPerBot_CMD\RemPerBot_CMD.csproj", "{72D06D48-9DA8-40B6-8D7B-F2D83B3A1987}"
EndProject
Global
	GlobalSection(SolutionConfigurationPlatforms) = preSolution
		Debug|Any CPU = Debug|Any CPU
		Release|Any CPU = Release|Any CPU
	EndGlobalSection
	GlobalSection(ProjectConfigurationPlatforms) = postSolution
		{EE76ED9B-70D3-43DF-96DF-2B7DC709DAD4}.Debug|Any CPU.ActiveCfg = Debug|Any CPU
		{EE76ED9B-70D3-43DF-96DF-2B7DC709DAD4}.Debug|Any CPU.Build.0 = Debug|Any CPU
		{EE76ED9B-70D3-43DF-96DF-2B7DC709DAD4}.Release|Any CPU.ActiveCfg = Release|Any CPU
		{EE76ED9B-70D3-43DF-96DF-2B7DC709DAD4}.Release|Any CPU.Build.0 = Release|Any CPU
		{72D06D48-9DA8-40B6-8D7B-F2D83B3A1987}.Debug|Any CPU.ActiveCfg = Debug|Any CPU
		{72D06D48-9DA8-40B6-8D7B-F2D83B3A1987}.Debug|Any CPU.Build.0 = Debug|Any CPU
		{72D06D48-9DA8-40B6-8D7B-F2D83B3A1987}.Release|Any CPU.ActiveCfg = Release|Any CPU
		{72D06D48-9DA8-40B6-8D7B-F2D83B3A1987}.Release|Any CPU.Build.0 = Release|Any CPU
	EndGlobalSection
	GlobalSection(SolutionProperties) = preSolution
		HideSolutionNode = FALSE
	EndGlobalSection
	GlobalSection(ExtensibilityGlobals) = postSolution
		SolutionGuid = {DE01A05B-CCEA-4AF7-B208-116537CEF6D8}
	EndGlobalSection
EndGlobal
